
Microsoft Visual Studio Solution File, Format Version 12.00
# Visual Studio 11
Project("{8BC9CEB8-8B4A-11D0-8D11-00A0C91BC942}") = "RecordsCpp", "RecordsCpp.vcxproj", "{C125D70B-A6F9-DC51-D07A-852B64F092CD}"
EndProject
Global
	GlobalSection(SolutionConfigurationPlatforms) = preSolution
		Debug|Win32 = Debug|Win32
		Release|Win32 = Release|Win32
	EndGlobalSection
	GlobalSection(ProjectConfigurationPlatforms) = postSolution
		{C125D70B-A6F9-DC51-D07A-852B64F092CD}.Debug|Win32.ActiveCfg = Debug|Win32
		{C125D70B-A6F9-DC51-D07A-852B64F092CD}.Debug|Win32.Build.0 = Debug|Win32
		{C125D70B-A6F9-DC51-D07A-852B64F092CD}.Release|Win32.ActiveCfg = Release|Win32
		{C125D70B-A6F9-DC51-D07A-852B64F092CD}.Release|Win32.Build.0 = Release|Win32
	EndGlobalSection
	GlobalSection(SolutionProperties) = preSolution
		HideSolutionNode = FALSE
	EndGlobalSection
EndGlobal
